// !$*UTF8*$!
{
	archiveVersion = 1;
	classes = {
	};
	objectVersion = 46;
	objects = {

/* Begin PBXBuildFile section */
		4332F1E119DD08A700EAB480 /* Foundation.framework in Frameworks */ = {isa = PBXBuildFile; fileRef = 4332F1E019DD08A700EAB480 /* Foundation.framework */; };
		4332F1E419DD08A700EAB480 /* main.m in Sources */ = {isa = PBXBuildFile; fileRef = 4332F1E319DD08A700EAB480 /* main.m */; };
		4332F1E819DD08A700EAB480 /* Callbacks.1 in CopyFiles */ = {isa = PBXBuildFile; fileRef = 4332F1E719DD08A700EAB480 /* Callbacks.1 */; };
		4332F1F019DD095D00EAB480 /* BNRLogger.m in Sources */ = {isa = PBXBuildFile; fileRef = 4332F1EF19DD095D00EAB480 /* BNRLogger.m */; };
/* End PBXBuildFile section */

/* Begin PBXCopyFilesBuildPhase section */
		4332F1DB19DD08A700EAB480 /* CopyFiles */ = {
			isa = PBXCopyFilesBuildPhase;
			buildActionMask = 2147483647;
			dstPath = /usr/share/man/man1/;
			dstSubfolderSpec = 0;
			files = (
				4332F1E819DD08A700EAB480 /* Callbacks.1 in CopyFiles */,
			);
			runOnlyForDeploymentPostprocessing = 1;
		};
/* End PBXCopyFilesBuildPhase section */

/* Begin PBXFileReference section */
		4332F1DD19DD08A700EAB480 /* Callbacks */ = {isa = PBXFileReference; explicitFileType = "compiled.mach-o.executable"; includeInIndex = 0; path = Callbacks; sourceTree = BUILT_PRODUCTS_DIR; };
		4332F1E019DD08A700EAB480 /* Foundation.framework */ = {isa = PBXFileReference; lastKnownFileType = wrapper.framework; name = Foundation.framework; path = System/Library/Frameworks/Foundation.framework; sourceTree = SDKROOT; };
		4332F1E319DD08A700EAB480 /* main.m */ = {isa = PBXFileReference; lastKnownFileType = sourcecode.c.objc; path = main.m; sourceTree = "<group>"; };
		4332F1E619DD08A700EAB480 /* Callbacks-Prefix.pch */ = {isa = PBXFileReference; lastKnownFileType = sourcecode.c.h; path = "Callbacks-Prefix.pch"; sourceTree = "<group>"; };
		4332F1E719DD08A700EAB480 /* Callbacks.1 */ = {isa = PBXFileReference; lastKnownFileType = text.man; path = Callbacks.1; sourceTree = "<group>"; };
		4332F1EE19DD095D00EAB480 /* BNRLogger.h */ = {isa = PBXFileReference; fileEncoding = 4; lastKnownFileType = sourcecode.c.h; path = BNRLogger.h; sourceTree = "<group>"; };
		4332F1EF19DD095D00EAB480 /* BNRLogger.m */ = {isa = PBXFileReference; fileEncoding = 4; lastKnownFileType = sourcecode.c.objc; path = BNRLogger.m; sourceTree = "<group>"; };
/* End PBXFileReference section */

/* Begin PBXFrameworksBuildPhase section */
		4332F1DA19DD08A700EAB480 /* Frameworks */ = {
			isa = PBXFrameworksBuildPhase;
			buildActionMask = 2147483647;
			files = (
				4332F1E119DD08A700EAB480 /* Foundation.framework in Frameworks */,
			);
			runOnlyForDeploymentPostprocessing = 0;
		};
/* End PBXFrameworksBuildPhase section */

/* Begin PBXGroup section */
		4332F1D419DD08A700EAB480 = {
			isa = PBXGroup;
			children = (
				4332F1E219DD08A700EAB480 /* Callbacks */,
				4332F1DF19DD08A700EAB480 /* Frameworks */,
				4332F1DE19DD08A700EAB480 /* Products */,
			);
			sourceTree = "<group>";
		};
		4332F1DE19DD08A700EAB480 /* Products */ = {
			isa = PBXGroup;
			children = (
				4332F1DD19DD08A700EAB480 /* Callbacks */,
			);
			name = Products;
			sourceTree = "<group>";
		};
		4332F1DF19DD08A700EAB480 /* Frameworks */ = {
			isa = PBXGroup;
			children = (
				4332F1E019DD08A700EAB480 /* Foundation.framework */,
			);
			name = Frameworks;
			sourceTree = "<group>";
		};
		4332F1E219DD08A700EAB480 /* Callbacks */ = {
			isa = PBXGroup;
			children = (
				4332F1E319DD08A700EAB480 /* main.m */,
				4332F1EE19DD095D00EAB480 /* BNRLogger.h */,
				4332F1EF19DD095D00EAB480 /* BNRLogger.m */,
				4332F1E719DD08A700EAB480 /* Callbacks.1 */,
				4332F1E519DD08A700EAB480 /* Supporting Files */,
			);
			path = Callbacks;
			sourceTree = "<group>";
		};
		4332F1E519DD08A700EAB480 /* Supporting Files */ = {
			isa = PBXGroup;
			children = (
				4332F1E619DD08A700EAB480 /* Callbacks-Prefix.pch */,
			);
			name = "Supporting Files";
			sourceTree = "<group>";
		};
/* End PBXGroup section */

/* Begin PBXNativeTarget section */
		4332F1DC19DD08A700EAB480 /* Callbacks */ = {
			isa = PBXNativeTarget;
			buildConfigurationList = 4332F1EB19DD08A700EAB480 /* Build configuration list for PBXNativeTarget "Callbacks" */;
			buildPhases = (
				4332F1D919DD08A700EAB480 /* Sources */,
				4332F1DA19DD08A700EAB480 /* Frameworks */,
				4332F1DB19DD08A700EAB480 /* CopyFiles */,
			);
			buildRules = (
			);
			dependencies = (
			);
			name = Callbacks;
			productName = Callbacks;
			productReference = 4332F1DD19DD08A700EAB480 /* Callbacks */;
			productType = "com.apple.product-type.tool";
		};
/* End PBXNativeTarget section */

/* Begin PBXProject section */
		4332F1D519DD08A700EAB480 /* Project object */ = {
			isa = PBXProject;
			attributes = {
				LastUpgradeCheck = 0510;
				ORGANIZATIONNAME = "Black Rail Capital";
			};
			buildConfigurationList = 4332F1D819DD08A700EAB480 /* Build configuration list for PBXProject "Callbacks" */;
			compatibilityVersion = "Xcode 3.2";
			developmentRegion = English;
			hasScannedForEncodings = 0;
			knownRegions = (
				en,
			);
			mainGroup = 4332F1D419DD08A700EAB480;
			productRefGroup = 4332F1DE19DD08A700EAB480 /* Products */;
			projectDirPath = "";
			projectRoot = "";
			targets = (
				4332F1DC19DD08A700EAB480 /* Callbacks */,
			);
		};
/* End PBXProject section */

/* Begin PBXSourcesBuildPhase section */
		4332F1D919DD08A700EAB480 /* Sources */ = {
			isa = PBXSourcesBuildPhase;
			buildActionMask = 2147483647;
			files = (
				4332F1F019DD095D00EAB480 /* BNRLogger.m in Sources */,
				4332F1E419DD08A700EAB480 /* main.m in Sources */,
			);
			runOnlyForDeploymentPostprocessing = 0;
		};
/* End PBXSourcesBuildPhase section */

/* Begin XCBuildConfiguration section */
		4332F1E919DD08A700EAB480 /* Debug */ = {
			isa = XCBuildConfiguration;
			buildSettings = {
				ALWAYS_SEARCH_USER_PATHS = NO;
				CLANG_CXX_LANGUAGE_STANDARD = "gnu++0x";
				CLANG_CXX_LIBRARY = "libc++";
				CLANG_ENABLE_MODULES = YES;
				CLANG_ENABLE_OBJC_ARC = YES;
				CLANG_WARN_BOOL_CONVERSION = YES;
				CLANG_WARN_CONSTANT_CONVERSION = YES;
				CLANG_WARN_DIRECT_OBJC_ISA_USAGE = YES_ERROR;
				CLANG_WARN_EMPTY_BODY = YES;
				CLANG_WARN_ENUM_CONVERSION = YES;
				CLANG_WARN_INT_CONVERSION = YES;
				CLANG_WARN_OBJC_ROOT_CLASS = YES_ERROR;
				CLANG_WARN__DUPLICATE_METHOD_MATCH = YES;
				COPY_PHASE_STRIP = NO;
				GCC_C_LANGUAGE_STANDARD = gnu99;
				GCC_DYNAMIC_NO_PIC = NO;
				GCC_ENABLE_OBJC_EXCEPTIONS = YES;
				GCC_OPTIMIZATION_LEVEL = 0;
				GCC_PREPROCESSOR_DEFINITIONS = (
					"DEBUG=1",
					"$(inherited)",
				);
				GCC_SYMBOLS_PRIVATE_EXTERN = NO;
				GCC_WARN_64_TO_32_BIT_CONVERSION = YES;
				GCC_WARN_ABOUT_RETURN_TYPE = YES_ERROR;
				GCC_WARN_UNDECLARED_SELECTOR = YES;
				GCC_WARN_UNINITIALIZED_AUTOS = YES_AGGRESSIVE;
				GCC_WARN_UNUSED_FUNCTION = YES;
				GCC_WARN_UNUSED_VARIABLE = YES;
				MACOSX_DEPLOYMENT_TARGET = 10.9;
				ONLY_ACTIVE_ARCH = YES;
				SDKROOT = macosx;
			};
			name = Debug;
		};
		4332F1EA19DD08A700EAB480 /* Release */ = {
			isa = XCBuildConfiguration;
			buildSettings = {
				ALWAYS_SEARCH_USER_PATHS = NO;
				CLANG_CXX_LANGUAGE_STANDARD = "gnu++0x";
				CLANG_CXX_LIBRARY = "libc++";
				CLANG_ENABLE_MODULES = YES;
				CLANG_ENABLE_OBJC_ARC = YES;
				CLANG_WARN_BOOL_CONVERSION = YES;
				CLANG_WARN_CONSTANT_CONVERSION = YES;
				CLANG_WARN_DIRECT_OBJC_ISA_USAGE = YES_ERROR;
				CLANG_WARN_EMPTY_BODY = YES;
				CLANG_WARN_ENUM_CONVERSION = YES;
				CLANG_WARN_INT_CONVERSION = YES;
				CLANG_WARN_OBJC_ROOT_CLASS = YES_ERROR;
				CLANG_WARN__DUPLICATE_METHOD_MATCH = YES;
				COPY_PHASE_STRIP = YES;
				DEBUG_INFORMATION_FORMAT = "dwarf-with-dsym";
				ENABLE_NS_ASSERTIONS = NO;
				GCC_C_LANGUAGE_STANDARD = gnu99;
				GCC_ENABLE_OBJC_EXCEPTIONS = YES;
				GCC_WARN_64_TO_32_BIT_CONVERSION = YES;
				GCC_WARN_ABOUT_RETURN_TYPE = YES_ERROR;
				GCC_WARN_UNDECLARED_SELECTOR = YES;
				GCC_WARN_UNINITIALIZED_AUTOS = YES_AGGRESSIVE;
				GCC_WARN_UNUSED_FUNCTION = YES;
				GCC_WARN_UNUSED_VARIABLE = YES;
				MACOSX_DEPLOYMENT_TARGET = 10.9;
				SDKROOT = macosx;
			};
			name = Release;
		};
		4332F1EC19DD08A700EAB480 /* Debug */ = {
			isa = XCBuildConfiguration;
			buildSettings = {
				GCC_PRECOMPILE_PREFIX_HEADER = YES;
				GCC_PREFIX_HEADER = "Callbacks/Callbacks-Prefix.pch";
				PRODUCT_NAME = "$(TARGET_NAME)";
			};
			name = Debug;
		};
		4332F1ED19DD08A700EAB480 /* Release */ = {
			isa = XCBuildConfiguration;
			buildSettings = {
				GCC_PRECOMPILE_PREFIX_HEADER = YES;
				GCC_PREFIX_HEADER = "Callbacks/Callbacks-Prefix.pch";
				PRODUCT_NAME = "$(TARGET_NAME)";
			};
			name = Release;
		};
/* End XCBuildConfiguration section */

/* Begin XCConfigurationList section */
		4332F1D819DD08A700EAB480 /* Build configuration list for PBXProject "Callbacks" */ = {
			isa = XCConfigurationList;
			buildConfigurations = (
				4332F1E919DD08A700EAB480 /* Debug */,
				4332F1EA19DD08A700EAB480 /* Release */,
			);
			defaultConfigurationIsVisible = 0;
			defaultConfigurationName = Release;
		};
		4332F1EB19DD08A700EAB480 /* Build configuration list for PBXNativeTarget "Callbacks" */ = {
			isa = XCConfigurationList;
			buildConfigurations = (
				4332F1EC19DD08A700EAB480 /* Debug */,
				4332F1ED19DD08A700EAB480 /* Release */,
			);
			defaultConfigurationIsVisible = 0;
		};
/* End XCConfigurationList section */
	};
	rootObject = 4332F1D519DD08A700EAB480 /* Project object */;
}
